
Microsoft Visual Studio Solution File, Format Version 12.00
# Visual Studio Version 17
VisualStudioVersion = 17.9.34902.65
MinimumVisualStudioVersion = 10.0.40219.1
Project("{FAE04EC0-301F-11D3-BF4B-00C04F79EFBC}") = "Server_csharp_uplink", "Server_csharp_uplink.csproj", "{19D6C125-28B7-4EB7-B0EA-B6526F14AFBC}"
EndProject
Global
	GlobalSection(SolutionConfigurationPlatforms) = preSolution
		Debug|Any CPU = Debug|Any CPU
		Release|Any CPU = Release|Any CPU
	EndGlobalSection
	GlobalSection(ProjectConfigurationPlatforms) = postSolution
		{19D6C125-28B7-4EB7-B0EA-B6526F14AFBC}.Debug|Any CPU.ActiveCfg = Debug|Any CPU
		{19D6C125-28B7-4EB7-B0EA-B6526F14AFBC}.Debug|Any CPU.Build.0 = Debug|Any CPU
		{19D6C125-28B7-4EB7-B0EA-B6526F14AFBC}.Release|Any CPU.ActiveCfg = Release|Any CPU
		{19D6C125-28B7-4EB7-B0EA-B6526F14AFBC}.Release|Any CPU.Build.0 = Release|Any CPU
	EndGlobalSection
	GlobalSection(SolutionProperties) = preSolution
		HideSolutionNode = FALSE
	EndGlobalSection
	GlobalSection(ExtensibilityGlobals) = postSolution
		SolutionGuid = {7519F006-C390-4C8D-8FD1-7131BB432AA7}
	EndGlobalSection
EndGlobal
