
Microsoft Visual Studio Solution File, Format Version 12.00
# Visual Studio Version 17
VisualStudioVersion = 17.9.34902.65
MinimumVisualStudioVersion = 10.0.40219.1
Project("{9A19103F-16F7-4668-BE54-9A1E7A4F7556}") = "Server_csharp_uplink", "Server_csharp_uplink.csproj", "{D900E20E-1F0F-454B-AD7C-5ADDC1F53A9B}"
EndProject
Project("{2150E333-8FDC-42A3-9474-1A3956D46DE8}") = "Éléments de solution", "Éléments de solution", "{ADD170AC-F260-4CE5-A69F-4F0C3D586394}"
	ProjectSection(SolutionItems) = preProject
		appsettings.Production.json = appsettings.Production.json
	EndProjectSection
EndProject
Global
	GlobalSection(SolutionConfigurationPlatforms) = preSolution
		Debug|Any CPU = Debug|Any CPU
		Release|Any CPU = Release|Any CPU
	EndGlobalSection
	GlobalSection(ProjectConfigurationPlatforms) = postSolution
		{D900E20E-1F0F-454B-AD7C-5ADDC1F53A9B}.Debug|Any CPU.ActiveCfg = Debug|Any CPU
		{D900E20E-1F0F-454B-AD7C-5ADDC1F53A9B}.Debug|Any CPU.Build.0 = Debug|Any CPU
		{D900E20E-1F0F-454B-AD7C-5ADDC1F53A9B}.Release|Any CPU.ActiveCfg = Release|Any CPU
		{D900E20E-1F0F-454B-AD7C-5ADDC1F53A9B}.Release|Any CPU.Build.0 = Release|Any CPU
	EndGlobalSection
	GlobalSection(SolutionProperties) = preSolution
		HideSolutionNode = FALSE
	EndGlobalSection
	GlobalSection(ExtensibilityGlobals) = postSolution
		SolutionGuid = {EE47C62C-21BB-4DB0-ACC9-AF8C58829C6F}
	EndGlobalSection
EndGlobal
